// !$*UTF8*$!
{
	archiveVersion = 1;
	classes = {
	};
	objectVersion = 56;
	objects = {

/* Begin PBXBuildFile section */
		7E1D19782A2ED22700F2EF3B /* SearchViewController.swift in Sources */ = {isa = PBXBuildFile; fileRef = 7E1D19772A2ED22700F2EF3B /* SearchViewController.swift */; };
		7E1D197A2A2ED24100F2EF3B /* HomeViewController.swift in Sources */ = {isa = PBXBuildFile; fileRef = 7E1D19792A2ED24100F2EF3B /* HomeViewController.swift */; };
		7E1D197C2A2ED26300F2EF3B /* ProfileViewController.swift in Sources */ = {isa = PBXBuildFile; fileRef = 7E1D197B2A2ED26300F2EF3B /* ProfileViewController.swift */; };
		7E1D197E2A2FA4F400F2EF3B /* LoginViewController.swift in Sources */ = {isa = PBXBuildFile; fileRef = 7E1D197D2A2FA4F400F2EF3B /* LoginViewController.swift */; };
		7E1D19802A2FE9DC00F2EF3B /* WelcomeViewController.swift in Sources */ = {isa = PBXBuildFile; fileRef = 7E1D197F2A2FE9DC00F2EF3B /* WelcomeViewController.swift */; };
		7E1D19822A3A191C00F2EF3B /* NewViewController.swift in Sources */ = {isa = PBXBuildFile; fileRef = 7E1D19812A3A191C00F2EF3B /* NewViewController.swift */; };
		7E34F9162A2A4E5800F7E99E /* AppDelegate.swift in Sources */ = {isa = PBXBuildFile; fileRef = 7E34F9152A2A4E5800F7E99E /* AppDelegate.swift */; };
		7E34F9182A2A4E5800F7E99E /* SceneDelegate.swift in Sources */ = {isa = PBXBuildFile; fileRef = 7E34F9172A2A4E5800F7E99E /* SceneDelegate.swift */; };
		7E34F91D2A2A4E5800F7E99E /* Main.storyboard in Resources */ = {isa = PBXBuildFile; fileRef = 7E34F91B2A2A4E5800F7E99E /* Main.storyboard */; };
		7E34F9222A2A4E5900F7E99E /* LaunchScreen.storyboard in Resources */ = {isa = PBXBuildFile; fileRef = 7E34F9202A2A4E5900F7E99E /* LaunchScreen.storyboard */; };
		7E48F3F42A3B7BF700B351D7 /* PhotoCollectionViewCell.swift in Sources */ = {isa = PBXBuildFile; fileRef = 7E48F3F32A3B7BF700B351D7 /* PhotoCollectionViewCell.swift */; };
		7E48F3F62A3B878400B351D7 /* HomePageScrollView.swift in Sources */ = {isa = PBXBuildFile; fileRef = 7E48F3F52A3B878400B351D7 /* HomePageScrollView.swift */; };
		7EFCFA982A2A6584007B36D0 /* Assets.xcassets in Resources */ = {isa = PBXBuildFile; fileRef = 7E34F91E2A2A4E5900F7E99E /* Assets.xcassets */; };
/* End PBXBuildFile section */

/* Begin PBXFileReference section */
		7E1D19772A2ED22700F2EF3B /* SearchViewController.swift */ = {isa = PBXFileReference; lastKnownFileType = sourcecode.swift; path = SearchViewController.swift; sourceTree = "<group>"; };
		7E1D19792A2ED24100F2EF3B /* HomeViewController.swift */ = {isa = PBXFileReference; lastKnownFileType = sourcecode.swift; path = HomeViewController.swift; sourceTree = "<group>"; };
		7E1D197B2A2ED26300F2EF3B /* ProfileViewController.swift */ = {isa = PBXFileReference; lastKnownFileType = sourcecode.swift; path = ProfileViewController.swift; sourceTree = "<group>"; };
		7E1D197D2A2FA4F400F2EF3B /* LoginViewController.swift */ = {isa = PBXFileReference; lastKnownFileType = sourcecode.swift; path = LoginViewController.swift; sourceTree = "<group>"; };
		7E1D197F2A2FE9DC00F2EF3B /* WelcomeViewController.swift */ = {isa = PBXFileReference; lastKnownFileType = sourcecode.swift; path = WelcomeViewController.swift; sourceTree = "<group>"; };
		7E1D19812A3A191C00F2EF3B /* NewViewController.swift */ = {isa = PBXFileReference; lastKnownFileType = sourcecode.swift; path = NewViewController.swift; sourceTree = "<group>"; };
		7E34F9122A2A4E5800F7E99E /* Exchango.app */ = {isa = PBXFileReference; explicitFileType = wrapper.application; includeInIndex = 0; path = Exchango.app; sourceTree = BUILT_PRODUCTS_DIR; };
		7E34F9152A2A4E5800F7E99E /* AppDelegate.swift */ = {isa = PBXFileReference; lastKnownFileType = sourcecode.swift; path = AppDelegate.swift; sourceTree = "<group>"; };
		7E34F9172A2A4E5800F7E99E /* SceneDelegate.swift */ = {isa = PBXFileReference; lastKnownFileType = sourcecode.swift; path = SceneDelegate.swift; sourceTree = "<group>"; };
		7E34F91C2A2A4E5800F7E99E /* Base */ = {isa = PBXFileReference; lastKnownFileType = file.storyboard; name = Base; path = Base.lproj/Main.storyboard; sourceTree = "<group>"; };
		7E34F91E2A2A4E5900F7E99E /* Assets.xcassets */ = {isa = PBXFileReference; lastKnownFileType = folder.assetcatalog; path = Assets.xcassets; sourceTree = "<group>"; };
		7E34F9212A2A4E5900F7E99E /* Base */ = {isa = PBXFileReference; lastKnownFileType = file.storyboard; name = Base; path = Base.lproj/LaunchScreen.storyboard; sourceTree = "<group>"; };
		7E34F9232A2A4E5900F7E99E /* Info.plist */ = {isa = PBXFileReference; lastKnownFileType = text.plist.xml; path = Info.plist; sourceTree = "<group>"; };
		7E48F3F32A3B7BF700B351D7 /* PhotoCollectionViewCell.swift */ = {isa = PBXFileReference; lastKnownFileType = sourcecode.swift; path = PhotoCollectionViewCell.swift; sourceTree = "<group>"; };
		7E48F3F52A3B878400B351D7 /* HomePageScrollView.swift */ = {isa = PBXFileReference; lastKnownFileType = sourcecode.swift; path = HomePageScrollView.swift; sourceTree = "<group>"; };
/* End PBXFileReference section */

/* Begin PBXGroup section */
		7E34F9092A2A4E5800F7E99E = {
			isa = PBXGroup;
			children = (
				7E34F9142A2A4E5800F7E99E /* Exchango */,
				7E34F9132A2A4E5800F7E99E /* Products */,
			);
			sourceTree = "<group>";
		};
		7E34F9132A2A4E5800F7E99E /* Products */ = {
			isa = PBXGroup;
			children = (
				7E34F9122A2A4E5800F7E99E /* Exchango.app */,
			);
			name = Products;
			sourceTree = "<group>";
		};
		7E34F9142A2A4E5800F7E99E /* Exchango */ = {
			isa = PBXGroup;
			children = (
				7E34F9152A2A4E5800F7E99E /* AppDelegate.swift */,
				7E34F9172A2A4E5800F7E99E /* SceneDelegate.swift */,
				7E1D19772A2ED22700F2EF3B /* SearchViewController.swift */,
				7E1D19792A2ED24100F2EF3B /* HomeViewController.swift */,
				7E1D19812A3A191C00F2EF3B /* NewViewController.swift */,
				7E1D197B2A2ED26300F2EF3B /* ProfileViewController.swift */,
				7E1D197D2A2FA4F400F2EF3B /* LoginViewController.swift */,
				7E1D197F2A2FE9DC00F2EF3B /* WelcomeViewController.swift */,
				7E48F3F32A3B7BF700B351D7 /* PhotoCollectionViewCell.swift */,
				7E48F3F52A3B878400B351D7 /* HomePageScrollView.swift */,
				7E34F91B2A2A4E5800F7E99E /* Main.storyboard */,
				7E34F91E2A2A4E5900F7E99E /* Assets.xcassets */,
				7E34F9202A2A4E5900F7E99E /* LaunchScreen.storyboard */,
				7E34F9232A2A4E5900F7E99E /* Info.plist */,
			);
			path = Exchango;
			sourceTree = "<group>";
		};
/* End PBXGroup section */

/* Begin PBXNativeTarget section */
		7E34F9112A2A4E5800F7E99E /* Exchango */ = {
			isa = PBXNativeTarget;
			buildConfigurationList = 7E34F9262A2A4E5900F7E99E /* Build configuration list for PBXNativeTarget "Exchango" */;
			buildPhases = (
				7E34F90E2A2A4E5800F7E99E /* Sources */,
				7E34F9102A2A4E5800F7E99E /* Resources */,
			);
			buildRules = (
			);
			dependencies = (
			);
			name = Exchango;
			packageProductDependencies = (
				7E56FC6C2A3C152800EB3C21 /* FirebaseAnalytics */,
				7E56FC6E2A3C152800EB3C21 /* FirebaseAnalyticsSwift */,
				7E56FC702A3C152800EB3C21 /* FirebaseAuth */,
				7E56FC722A3C152800EB3C21 /* FirebaseAuthCombine-Community */,
				7E56FC742A3C152800EB3C21 /* FirebaseDatabase */,
				7E56FC762A3C152800EB3C21 /* FirebaseDatabaseSwift */,
				7E56FC782A3C152800EB3C21 /* FirebaseMessaging */,
			);
			productName = Exchango;
			productReference = 7E34F9122A2A4E5800F7E99E /* Exchango.app */;
			productType = "com.apple.product-type.application";
		};
/* End PBXNativeTarget section */

/* Begin PBXProject section */
		7E34F90A2A2A4E5800F7E99E /* Project object */ = {
			isa = PBXProject;
			attributes = {
				BuildIndependentTargetsInParallel = 1;
				LastSwiftUpdateCheck = 1430;
				LastUpgradeCheck = 1430;
				TargetAttributes = {
					7E34F9112A2A4E5800F7E99E = {
						CreatedOnToolsVersion = 14.3;
					};
				};
			};
			buildConfigurationList = 7E34F90D2A2A4E5800F7E99E /* Build configuration list for PBXProject "Exchango" */;
			compatibilityVersion = "Xcode 14.0";
			developmentRegion = en;
			hasScannedForEncodings = 0;
			knownRegions = (
				en,
				Base,
			);
			mainGroup = 7E34F9092A2A4E5800F7E99E;
			packageReferences = (
				7E56FC6B2A3C152800EB3C21 /* XCRemoteSwiftPackageReference "firebase-ios-sdk" */,
			);
			productRefGroup = 7E34F9132A2A4E5800F7E99E /* Products */;
			projectDirPath = "";
			projectRoot = "";
			targets = (
				7E34F9112A2A4E5800F7E99E /* Exchango */,
			);
		};
/* End PBXProject section */

/* Begin PBXResourcesBuildPhase section */
		7E34F9102A2A4E5800F7E99E /* Resources */ = {
			isa = PBXResourcesBuildPhase;
			buildActionMask = 2147483647;
			files = (
				7E34F9222A2A4E5900F7E99E /* LaunchScreen.storyboard in Resources */,
				7EFCFA982A2A6584007B36D0 /* Assets.xcassets in Resources */,
				7E34F91D2A2A4E5800F7E99E /* Main.storyboard in Resources */,
			);
			runOnlyForDeploymentPostprocessing = 0;
		};
/* End PBXResourcesBuildPhase section */

/* Begin PBXSourcesBuildPhase section */
		7E34F90E2A2A4E5800F7E99E /* Sources */ = {
			isa = PBXSourcesBuildPhase;
			buildActionMask = 2147483647;
			files = (
				7E1D197E2A2FA4F400F2EF3B /* LoginViewController.swift in Sources */,
				7E1D19782A2ED22700F2EF3B /* SearchViewController.swift in Sources */,
				7E34F9162A2A4E5800F7E99E /* AppDelegate.swift in Sources */,
				7E48F3F62A3B878400B351D7 /* HomePageScrollView.swift in Sources */,
				7E1D19822A3A191C00F2EF3B /* NewViewController.swift in Sources */,
				7E1D197C2A2ED26300F2EF3B /* ProfileViewController.swift in Sources */,
				7E48F3F42A3B7BF700B351D7 /* PhotoCollectionViewCell.swift in Sources */,
				7E34F9182A2A4E5800F7E99E /* SceneDelegate.swift in Sources */,
				7E1D197A2A2ED24100F2EF3B /* HomeViewController.swift in Sources */,
				7E1D19802A2FE9DC00F2EF3B /* WelcomeViewController.swift in Sources */,
			);
			runOnlyForDeploymentPostprocessing = 0;
		};
/* End PBXSourcesBuildPhase section */

/* Begin PBXVariantGroup section */
		7E34F91B2A2A4E5800F7E99E /* Main.storyboard */ = {
			isa = PBXVariantGroup;
			children = (
				7E34F91C2A2A4E5800F7E99E /* Base */,
			);
			name = Main.storyboard;
			sourceTree = "<group>";
		};
		7E34F9202A2A4E5900F7E99E /* LaunchScreen.storyboard */ = {
			isa = PBXVariantGroup;
			children = (
				7E34F9212A2A4E5900F7E99E /* Base */,
			);
			name = LaunchScreen.storyboard;
			sourceTree = "<group>";
		};
/* End PBXVariantGroup section */

/* Begin XCBuildConfiguration section */
		7E34F9242A2A4E5900F7E99E /* Debug */ = {
			isa = XCBuildConfiguration;
			buildSettings = {
				ALWAYS_SEARCH_USER_PATHS = NO;
				CLANG_ANALYZER_NONNULL = YES;
				CLANG_ANALYZER_NUMBER_OBJECT_CONVERSION = YES_AGGRESSIVE;
				CLANG_CXX_LANGUAGE_STANDARD = "gnu++20";
				CLANG_ENABLE_MODULES = YES;
				CLANG_ENABLE_OBJC_ARC = YES;
				CLANG_ENABLE_OBJC_WEAK = YES;
				CLANG_WARN_BLOCK_CAPTURE_AUTORELEASING = YES;
				CLANG_WARN_BOOL_CONVERSION = YES;
				CLANG_WARN_COMMA = YES;
				CLANG_WARN_CONSTANT_CONVERSION = YES;
				CLANG_WARN_DEPRECATED_OBJC_IMPLEMENTATIONS = YES;
				CLANG_WARN_DIRECT_OBJC_ISA_USAGE = YES_ERROR;
				CLANG_WARN_DOCUMENTATION_COMMENTS = YES;
				CLANG_WARN_EMPTY_BODY = YES;
				CLANG_WARN_ENUM_CONVERSION = YES;
				CLANG_WARN_INFINITE_RECURSION = YES;
				CLANG_WARN_INT_CONVERSION = YES;
				CLANG_WARN_NON_LITERAL_NULL_CONVERSION = YES;
				CLANG_WARN_OBJC_IMPLICIT_RETAIN_SELF = YES;
				CLANG_WARN_OBJC_LITERAL_CONVERSION = YES;
				CLANG_WARN_OBJC_ROOT_CLASS = YES_ERROR;
				CLANG_WARN_QUOTED_INCLUDE_IN_FRAMEWORK_HEADER = YES;
				CLANG_WARN_RANGE_LOOP_ANALYSIS = YES;
				CLANG_WARN_STRICT_PROTOTYPES = YES;
				CLANG_WARN_SUSPICIOUS_MOVE = YES;
				CLANG_WARN_UNGUARDED_AVAILABILITY = YES_AGGRESSIVE;
				CLANG_WARN_UNREACHABLE_CODE = YES;
				CLANG_WARN__DUPLICATE_METHOD_MATCH = YES;
				COPY_PHASE_STRIP = NO;
				DEBUG_INFORMATION_FORMAT = dwarf;
				ENABLE_STRICT_OBJC_MSGSEND = YES;
				ENABLE_TESTABILITY = YES;
				GCC_C_LANGUAGE_STANDARD = gnu11;
				GCC_DYNAMIC_NO_PIC = NO;
				GCC_NO_COMMON_BLOCKS = YES;
				GCC_OPTIMIZATION_LEVEL = 0;
				GCC_PREPROCESSOR_DEFINITIONS = (
					"DEBUG=1",
					"$(inherited)",
				);
				GCC_WARN_64_TO_32_BIT_CONVERSION = YES;
				GCC_WARN_ABOUT_RETURN_TYPE = YES_ERROR;
				GCC_WARN_UNDECLARED_SELECTOR = YES;
				GCC_WARN_UNINITIALIZED_AUTOS = YES_AGGRESSIVE;
				GCC_WARN_UNUSED_FUNCTION = YES;
				GCC_WARN_UNUSED_VARIABLE = YES;
				IPHONEOS_DEPLOYMENT_TARGET = 16.4;
				MTL_ENABLE_DEBUG_INFO = INCLUDE_SOURCE;
				MTL_FAST_MATH = YES;
				ONLY_ACTIVE_ARCH = YES;
				SDKROOT = iphoneos;
				SWIFT_ACTIVE_COMPILATION_CONDITIONS = DEBUG;
				SWIFT_OPTIMIZATION_LEVEL = "-Onone";
			};
			name = Debug;
		};
		7E34F9252A2A4E5900F7E99E /* Release */ = {
			isa = XCBuildConfiguration;
			buildSettings = {
				ALWAYS_SEARCH_USER_PATHS = NO;
				CLANG_ANALYZER_NONNULL = YES;
				CLANG_ANALYZER_NUMBER_OBJECT_CONVERSION = YES_AGGRESSIVE;
				CLANG_CXX_LANGUAGE_STANDARD = "gnu++20";
				CLANG_ENABLE_MODULES = YES;
				CLANG_ENABLE_OBJC_ARC = YES;
				CLANG_ENABLE_OBJC_WEAK = YES;
				CLANG_WARN_BLOCK_CAPTURE_AUTORELEASING = YES;
				CLANG_WARN_BOOL_CONVERSION = YES;
				CLANG_WARN_COMMA = YES;
				CLANG_WARN_CONSTANT_CONVERSION = YES;
				CLANG_WARN_DEPRECATED_OBJC_IMPLEMENTATIONS = YES;
				CLANG_WARN_DIRECT_OBJC_ISA_USAGE = YES_ERROR;
				CLANG_WARN_DOCUMENTATION_COMMENTS = YES;
				CLANG_WARN_EMPTY_BODY = YES;
				CLANG_WARN_ENUM_CONVERSION = YES;
				CLANG_WARN_INFINITE_RECURSION = YES;
				CLANG_WARN_INT_CONVERSION = YES;
				CLANG_WARN_NON_LITERAL_NULL_CONVERSION = YES;
				CLANG_WARN_OBJC_IMPLICIT_RETAIN_SELF = YES;
				CLANG_WARN_OBJC_LITERAL_CONVERSION = YES;
				CLANG_WARN_OBJC_ROOT_CLASS = YES_ERROR;
				CLANG_WARN_QUOTED_INCLUDE_IN_FRAMEWORK_HEADER = YES;
				CLANG_WARN_RANGE_LOOP_ANALYSIS = YES;
				CLANG_WARN_STRICT_PROTOTYPES = YES;
				CLANG_WARN_SUSPICIOUS_MOVE = YES;
				CLANG_WARN_UNGUARDED_AVAILABILITY = YES_AGGRESSIVE;
				CLANG_WARN_UNREACHABLE_CODE = YES;
				CLANG_WARN__DUPLICATE_METHOD_MATCH = YES;
				COPY_PHASE_STRIP = NO;
				DEBUG_INFORMATION_FORMAT = "dwarf-with-dsym";
				ENABLE_NS_ASSERTIONS = NO;
				ENABLE_STRICT_OBJC_MSGSEND = YES;
				GCC_C_LANGUAGE_STANDARD = gnu11;
				GCC_NO_COMMON_BLOCKS = YES;
				GCC_WARN_64_TO_32_BIT_CONVERSION = YES;
				GCC_WARN_ABOUT_RETURN_TYPE = YES_ERROR;
				GCC_WARN_UNDECLARED_SELECTOR = YES;
				GCC_WARN_UNINITIALIZED_AUTOS = YES_AGGRESSIVE;
				GCC_WARN_UNUSED_FUNCTION = YES;
				GCC_WARN_UNUSED_VARIABLE = YES;
				IPHONEOS_DEPLOYMENT_TARGET = 16.4;
				MTL_ENABLE_DEBUG_INFO = NO;
				MTL_FAST_MATH = YES;
				SDKROOT = iphoneos;
				SWIFT_COMPILATION_MODE = wholemodule;
				SWIFT_OPTIMIZATION_LEVEL = "-O";
				VALIDATE_PRODUCT = YES;
			};
			name = Release;
		};
		7E34F9272A2A4E5900F7E99E /* Debug */ = {
			isa = XCBuildConfiguration;
			buildSettings = {
				ASSETCATALOG_COMPILER_APPICON_NAME = AppIcon;
				ASSETCATALOG_COMPILER_GLOBAL_ACCENT_COLOR_NAME = AccentColor;
				CODE_SIGN_STYLE = Automatic;
				CURRENT_PROJECT_VERSION = 1;
				DEVELOPMENT_TEAM = L9F26C48LT;
				GENERATE_INFOPLIST_FILE = YES;
				INFOPLIST_FILE = Exchango/Info.plist;
				INFOPLIST_KEY_UIApplicationSupportsIndirectInputEvents = YES;
				INFOPLIST_KEY_UILaunchStoryboardName = LaunchScreen;
				INFOPLIST_KEY_UIMainStoryboardFile = Main;
				INFOPLIST_KEY_UISupportedInterfaceOrientations_iPad = "UIInterfaceOrientationPortrait UIInterfaceOrientationPortraitUpsideDown UIInterfaceOrientationLandscapeLeft UIInterfaceOrientationLandscapeRight";
				INFOPLIST_KEY_UISupportedInterfaceOrientations_iPhone = "UIInterfaceOrientationPortrait UIInterfaceOrientationLandscapeLeft UIInterfaceOrientationLandscapeRight";
				LD_RUNPATH_SEARCH_PATHS = (
					"$(inherited)",
					"@executable_path/Frameworks",
				);
				MARKETING_VERSION = 1.0;
				PRODUCT_BUNDLE_IDENTIFIER = "Natasha-Machado.Exchango";
				PRODUCT_NAME = "$(TARGET_NAME)";
				SWIFT_EMIT_LOC_STRINGS = YES;
				SWIFT_VERSION = 5.0;
				TARGETED_DEVICE_FAMILY = "1,2";
			};
			name = Debug;
		};
		7E34F9282A2A4E5900F7E99E /* Release */ = {
			isa = XCBuildConfiguration;
			buildSettings = {
				ASSETCATALOG_COMPILER_APPICON_NAME = AppIcon;
				ASSETCATALOG_COMPILER_GLOBAL_ACCENT_COLOR_NAME = AccentColor;
				CODE_SIGN_STYLE = Automatic;
				CURRENT_PROJECT_VERSION = 1;
				DEVELOPMENT_TEAM = L9F26C48LT;
				GENERATE_INFOPLIST_FILE = YES;
				INFOPLIST_FILE = Exchango/Info.plist;
				INFOPLIST_KEY_UIApplicationSupportsIndirectInputEvents = YES;
				INFOPLIST_KEY_UILaunchStoryboardName = LaunchScreen;
				INFOPLIST_KEY_UIMainStoryboardFile = Main;
				INFOPLIST_KEY_UISupportedInterfaceOrientations_iPad = "UIInterfaceOrientationPortrait UIInterfaceOrientationPortraitUpsideDown UIInterfaceOrientationLandscapeLeft UIInterfaceOrientationLandscapeRight";
				INFOPLIST_KEY_UISupportedInterfaceOrientations_iPhone = "UIInterfaceOrientationPortrait UIInterfaceOrientationLandscapeLeft UIInterfaceOrientationLandscapeRight";
				LD_RUNPATH_SEARCH_PATHS = (
					"$(inherited)",
					"@executable_path/Frameworks",
				);
				MARKETING_VERSION = 1.0;
				PRODUCT_BUNDLE_IDENTIFIER = "Natasha-Machado.Exchango";
				PRODUCT_NAME = "$(TARGET_NAME)";
				SWIFT_EMIT_LOC_STRINGS = YES;
				SWIFT_VERSION = 5.0;
				TARGETED_DEVICE_FAMILY = "1,2";
			};
			name = Release;
		};
/* End XCBuildConfiguration section */

/* Begin XCConfigurationList section */
		7E34F90D2A2A4E5800F7E99E /* Build configuration list for PBXProject "Exchango" */ = {
			isa = XCConfigurationList;
			buildConfigurations = (
				7E34F9242A2A4E5900F7E99E /* Debug */,
				7E34F9252A2A4E5900F7E99E /* Release */,
			);
			defaultConfigurationIsVisible = 0;
			defaultConfigurationName = Release;
		};
		7E34F9262A2A4E5900F7E99E /* Build configuration list for PBXNativeTarget "Exchango" */ = {
			isa = XCConfigurationList;
			buildConfigurations = (
				7E34F9272A2A4E5900F7E99E /* Debug */,
				7E34F9282A2A4E5900F7E99E /* Release */,
			);
			defaultConfigurationIsVisible = 0;
			defaultConfigurationName = Release;
		};
/* End XCConfigurationList section */

/* Begin XCRemoteSwiftPackageReference section */
		7E56FC6B2A3C152800EB3C21 /* XCRemoteSwiftPackageReference "firebase-ios-sdk" */ = {
			isa = XCRemoteSwiftPackageReference;
			repositoryURL = "https://github.com/firebase/firebase-ios-sdk";
			requirement = {
				kind = upToNextMajorVersion;
				minimumVersion = 10.0.0;
			};
		};
/* End XCRemoteSwiftPackageReference section */

/* Begin XCSwiftPackageProductDependency section */
		7E56FC6C2A3C152800EB3C21 /* FirebaseAnalytics */ = {
			isa = XCSwiftPackageProductDependency;
			package = 7E56FC6B2A3C152800EB3C21 /* XCRemoteSwiftPackageReference "firebase-ios-sdk" */;
			productName = FirebaseAnalytics;
		};
		7E56FC6E2A3C152800EB3C21 /* FirebaseAnalyticsSwift */ = {
			isa = XCSwiftPackageProductDependency;
			package = 7E56FC6B2A3C152800EB3C21 /* XCRemoteSwiftPackageReference "firebase-ios-sdk" */;
			productName = FirebaseAnalyticsSwift;
		};
		7E56FC702A3C152800EB3C21 /* FirebaseAuth */ = {
			isa = XCSwiftPackageProductDependency;
			package = 7E56FC6B2A3C152800EB3C21 /* XCRemoteSwiftPackageReference "firebase-ios-sdk" */;
			productName = FirebaseAuth;
		};
		7E56FC722A3C152800EB3C21 /* FirebaseAuthCombine-Community */ = {
			isa = XCSwiftPackageProductDependency;
			package = 7E56FC6B2A3C152800EB3C21 /* XCRemoteSwiftPackageReference "firebase-ios-sdk" */;
			productName = "FirebaseAuthCombine-Community";
		};
		7E56FC742A3C152800EB3C21 /* FirebaseDatabase */ = {
			isa = XCSwiftPackageProductDependency;
			package = 7E56FC6B2A3C152800EB3C21 /* XCRemoteSwiftPackageReference "firebase-ios-sdk" */;
			productName = FirebaseDatabase;
		};
		7E56FC762A3C152800EB3C21 /* FirebaseDatabaseSwift */ = {
			isa = XCSwiftPackageProductDependency;
			package = 7E56FC6B2A3C152800EB3C21 /* XCRemoteSwiftPackageReference "firebase-ios-sdk" */;
			productName = FirebaseDatabaseSwift;
		};
		7E56FC782A3C152800EB3C21 /* FirebaseMessaging */ = {
			isa = XCSwiftPackageProductDependency;
			package = 7E56FC6B2A3C152800EB3C21 /* XCRemoteSwiftPackageReference "firebase-ios-sdk" */;
			productName = FirebaseMessaging;
		};
/* End XCSwiftPackageProductDependency section */
	};
	rootObject = 7E34F90A2A2A4E5800F7E99E /* Project object */;
}
